
Microsoft Visual Studio Solution File, Format Version 12.00
# Visual Studio 15
VisualStudioVersion = 15.0.26124.0
MinimumVisualStudioVersion = 15.0.26124.0
Project("{2150E333-8FDC-42A3-9474-1A3956D46DE8}") = "src", "src", "{7E682FEA-3201-4830-BD41-6260DA4C03D8}"
EndProject
Project("{FAE04EC0-301F-11D3-BF4B-00C04F79EFBC}") = "KK.AspNetCore.BackgroundTasks.Scheduled", "src\KK.AspNetCore.BackgroundTasks.Scheduled\KK.AspNetCore.BackgroundTasks.Scheduled.csproj", "{57BB4613-E586-4254-8F01-DC7A27494567}"
EndProject
Project("{FAE04EC0-301F-11D3-BF4B-00C04F79EFBC}") = "KK.AspNetCore.BackgroundTasks.Scheduled.Web.Sample", "src\KK.AspNetCore.BackgroundTasks.Scheduled.Web.Sample\KK.AspNetCore.BackgroundTasks.Scheduled.Web.Sample.csproj", "{0FC375DB-728A-4D99-9B6E-16FF1ABBD5D8}"
EndProject
Global
	GlobalSection(SolutionConfigurationPlatforms) = preSolution
		Debug|Any CPU = Debug|Any CPU
		Debug|x64 = Debug|x64
		Debug|x86 = Debug|x86
		Release|Any CPU = Release|Any CPU
		Release|x64 = Release|x64
		Release|x86 = Release|x86
	EndGlobalSection
	GlobalSection(SolutionProperties) = preSolution
		HideSolutionNode = FALSE
	EndGlobalSection
	GlobalSection(ProjectConfigurationPlatforms) = postSolution
		{57BB4613-E586-4254-8F01-DC7A27494567}.Debug|Any CPU.ActiveCfg = Debug|Any CPU
		{57BB4613-E586-4254-8F01-DC7A27494567}.Debug|Any CPU.Build.0 = Debug|Any CPU
		{57BB4613-E586-4254-8F01-DC7A27494567}.Debug|x64.ActiveCfg = Debug|Any CPU
		{57BB4613-E586-4254-8F01-DC7A27494567}.Debug|x64.Build.0 = Debug|Any CPU
		{57BB4613-E586-4254-8F01-DC7A27494567}.Debug|x86.ActiveCfg = Debug|Any CPU
		{57BB4613-E586-4254-8F01-DC7A27494567}.Debug|x86.Build.0 = Debug|Any CPU
		{57BB4613-E586-4254-8F01-DC7A27494567}.Release|Any CPU.ActiveCfg = Release|Any CPU
		{57BB4613-E586-4254-8F01-DC7A27494567}.Release|Any CPU.Build.0 = Release|Any CPU
		{57BB4613-E586-4254-8F01-DC7A27494567}.Release|x64.ActiveCfg = Release|Any CPU
		{57BB4613-E586-4254-8F01-DC7A27494567}.Release|x64.Build.0 = Release|Any CPU
		{57BB4613-E586-4254-8F01-DC7A27494567}.Release|x86.ActiveCfg = Release|Any CPU
		{57BB4613-E586-4254-8F01-DC7A27494567}.Release|x86.Build.0 = Release|Any CPU
		{0FC375DB-728A-4D99-9B6E-16FF1ABBD5D8}.Debug|Any CPU.ActiveCfg = Debug|Any CPU
		{0FC375DB-728A-4D99-9B6E-16FF1ABBD5D8}.Debug|Any CPU.Build.0 = Debug|Any CPU
		{0FC375DB-728A-4D99-9B6E-16FF1ABBD5D8}.Debug|x64.ActiveCfg = Debug|Any CPU
		{0FC375DB-728A-4D99-9B6E-16FF1ABBD5D8}.Debug|x64.Build.0 = Debug|Any CPU
		{0FC375DB-728A-4D99-9B6E-16FF1ABBD5D8}.Debug|x86.ActiveCfg = Debug|Any CPU
		{0FC375DB-728A-4D99-9B6E-16FF1ABBD5D8}.Debug|x86.Build.0 = Debug|Any CPU
		{0FC375DB-728A-4D99-9B6E-16FF1ABBD5D8}.Release|Any CPU.ActiveCfg = Release|Any CPU
		{0FC375DB-728A-4D99-9B6E-16FF1ABBD5D8}.Release|Any CPU.Build.0 = Release|Any CPU
		{0FC375DB-728A-4D99-9B6E-16FF1ABBD5D8}.Release|x64.ActiveCfg = Release|Any CPU
		{0FC375DB-728A-4D99-9B6E-16FF1ABBD5D8}.Release|x64.Build.0 = Release|Any CPU
		{0FC375DB-728A-4D99-9B6E-16FF1ABBD5D8}.Release|x86.ActiveCfg = Release|Any CPU
		{0FC375DB-728A-4D99-9B6E-16FF1ABBD5D8}.Release|x86.Build.0 = Release|Any CPU
	EndGlobalSection
	GlobalSection(NestedProjects) = preSolution
		{57BB4613-E586-4254-8F01-DC7A27494567} = {7E682FEA-3201-4830-BD41-6260DA4C03D8}
		{0FC375DB-728A-4D99-9B6E-16FF1ABBD5D8} = {7E682FEA-3201-4830-BD41-6260DA4C03D8}
	EndGlobalSection
EndGlobal
