
Microsoft Visual Studio Solution File, Format Version 12.00
# Visual Studio Version 16
VisualStudioVersion = 16.0.29009.5
MinimumVisualStudioVersion = 15.0.26124.0
Project("{2150E333-8FDC-42A3-9474-1A3956D46DE8}") = "src", "src", "{7E682FEA-3201-4830-BD41-6260DA4C03D8}"
EndProject
Project("{9A19103F-16F7-4668-BE54-9A1E7A4F7556}") = "KK.DotNet.BackgroundTasks.Scheduled", "src\KK.DotNet.BackgroundTasks.Scheduled\KK.DotNet.BackgroundTasks.Scheduled.csproj", "{57BB4613-E586-4254-8F01-DC7A27494567}"
EndProject
Project("{2150E333-8FDC-42A3-9474-1A3956D46DE8}") = "Solution Items", "Solution Items", "{A82875E9-6AEE-4483-AFA6-046F057FD3F6}"
	ProjectSection(SolutionItems) = preProject
		.gitignore = .gitignore
		global.json = global.json
		LICENSE = LICENSE
		README.md = README.md
	EndProjectSection
EndProject
Project("{2150E333-8FDC-42A3-9474-1A3956D46DE8}") = "samples", "samples", "{6BED458A-660D-483A-B2E7-B058D5B9BFBF}"
EndProject
Project("{9A19103F-16F7-4668-BE54-9A1E7A4F7556}") = "KK.DotNet.BackgroundTasks.Scheduled.Sample.Web", "samples\KK.DotNet.BackgroundTasks.Scheduled.Sample.Web\KK.DotNet.BackgroundTasks.Scheduled.Sample.Web.csproj", "{178B2AC5-E8C9-408B-B278-60D561256C9E}"
EndProject
Global
	GlobalSection(SolutionConfigurationPlatforms) = preSolution
		Debug|Any CPU = Debug|Any CPU
		Debug|x64 = Debug|x64
		Debug|x86 = Debug|x86
		Release|Any CPU = Release|Any CPU
		Release|x64 = Release|x64
		Release|x86 = Release|x86
	EndGlobalSection
	GlobalSection(ProjectConfigurationPlatforms) = postSolution
		{57BB4613-E586-4254-8F01-DC7A27494567}.Debug|Any CPU.ActiveCfg = Debug|Any CPU
		{57BB4613-E586-4254-8F01-DC7A27494567}.Debug|Any CPU.Build.0 = Debug|Any CPU
		{57BB4613-E586-4254-8F01-DC7A27494567}.Debug|x64.ActiveCfg = Debug|Any CPU
		{57BB4613-E586-4254-8F01-DC7A27494567}.Debug|x64.Build.0 = Debug|Any CPU
		{57BB4613-E586-4254-8F01-DC7A27494567}.Debug|x86.ActiveCfg = Debug|Any CPU
		{57BB4613-E586-4254-8F01-DC7A27494567}.Debug|x86.Build.0 = Debug|Any CPU
		{57BB4613-E586-4254-8F01-DC7A27494567}.Release|Any CPU.ActiveCfg = Release|Any CPU
		{57BB4613-E586-4254-8F01-DC7A27494567}.Release|Any CPU.Build.0 = Release|Any CPU
		{57BB4613-E586-4254-8F01-DC7A27494567}.Release|x64.ActiveCfg = Release|Any CPU
		{57BB4613-E586-4254-8F01-DC7A27494567}.Release|x64.Build.0 = Release|Any CPU
		{57BB4613-E586-4254-8F01-DC7A27494567}.Release|x86.ActiveCfg = Release|Any CPU
		{57BB4613-E586-4254-8F01-DC7A27494567}.Release|x86.Build.0 = Release|Any CPU
		{178B2AC5-E8C9-408B-B278-60D561256C9E}.Debug|Any CPU.ActiveCfg = Debug|Any CPU
		{178B2AC5-E8C9-408B-B278-60D561256C9E}.Debug|Any CPU.Build.0 = Debug|Any CPU
		{178B2AC5-E8C9-408B-B278-60D561256C9E}.Debug|x64.ActiveCfg = Debug|Any CPU
		{178B2AC5-E8C9-408B-B278-60D561256C9E}.Debug|x64.Build.0 = Debug|Any CPU
		{178B2AC5-E8C9-408B-B278-60D561256C9E}.Debug|x86.ActiveCfg = Debug|Any CPU
		{178B2AC5-E8C9-408B-B278-60D561256C9E}.Debug|x86.Build.0 = Debug|Any CPU
		{178B2AC5-E8C9-408B-B278-60D561256C9E}.Release|Any CPU.ActiveCfg = Release|Any CPU
		{178B2AC5-E8C9-408B-B278-60D561256C9E}.Release|Any CPU.Build.0 = Release|Any CPU
		{178B2AC5-E8C9-408B-B278-60D561256C9E}.Release|x64.ActiveCfg = Release|Any CPU
		{178B2AC5-E8C9-408B-B278-60D561256C9E}.Release|x64.Build.0 = Release|Any CPU
		{178B2AC5-E8C9-408B-B278-60D561256C9E}.Release|x86.ActiveCfg = Release|Any CPU
		{178B2AC5-E8C9-408B-B278-60D561256C9E}.Release|x86.Build.0 = Release|Any CPU
	EndGlobalSection
	GlobalSection(SolutionProperties) = preSolution
		HideSolutionNode = FALSE
	EndGlobalSection
	GlobalSection(NestedProjects) = preSolution
		{57BB4613-E586-4254-8F01-DC7A27494567} = {7E682FEA-3201-4830-BD41-6260DA4C03D8}
		{178B2AC5-E8C9-408B-B278-60D561256C9E} = {6BED458A-660D-483A-B2E7-B058D5B9BFBF}
	EndGlobalSection
	GlobalSection(ExtensibilityGlobals) = postSolution
		SolutionGuid = {718CBEA0-7FDE-4933-9D3D-BA633B48AE4D}
	EndGlobalSection
EndGlobal
